
Microsoft Visual Studio Solution File, Format Version 12.00
# Visual Studio Version 16
VisualStudioVersion = 16.0.30002.166
MinimumVisualStudioVersion = 10.0.40219.1
Project("{FAE04EC0-301F-11D3-BF4B-00C04F79EFBC}") = "ModuloReportes", "ModuloReportes\ModuloReportes.csproj", "{46BACD9E-2699-4ED2-8372-A9FE50EB033C}"
EndProject
Project("{FAE04EC0-301F-11D3-BF4B-00C04F79EFBC}") = "MiLibreria", "MiLibreria\MiLibreria.csproj", "{9C972F7F-2351-434D-892A-6945958EF760}"
EndProject
Global
	GlobalSection(SolutionConfigurationPlatforms) = preSolution
		Debug|Any CPU = Debug|Any CPU
		Release|Any CPU = Release|Any CPU
	EndGlobalSection
	GlobalSection(ProjectConfigurationPlatforms) = postSolution
		{46BACD9E-2699-4ED2-8372-A9FE50EB033C}.Debug|Any CPU.ActiveCfg = Debug|Any CPU
		{46BACD9E-2699-4ED2-8372-A9FE50EB033C}.Debug|Any CPU.Build.0 = Debug|Any CPU
		{46BACD9E-2699-4ED2-8372-A9FE50EB033C}.Release|Any CPU.ActiveCfg = Release|Any CPU
		{46BACD9E-2699-4ED2-8372-A9FE50EB033C}.Release|Any CPU.Build.0 = Release|Any CPU
		{9C972F7F-2351-434D-892A-6945958EF760}.Debug|Any CPU.ActiveCfg = Debug|Any CPU
		{9C972F7F-2351-434D-892A-6945958EF760}.Debug|Any CPU.Build.0 = Debug|Any CPU
		{9C972F7F-2351-434D-892A-6945958EF760}.Release|Any CPU.ActiveCfg = Release|Any CPU
		{9C972F7F-2351-434D-892A-6945958EF760}.Release|Any CPU.Build.0 = Release|Any CPU
	EndGlobalSection
	GlobalSection(SolutionProperties) = preSolution
		HideSolutionNode = FALSE
	EndGlobalSection
	GlobalSection(ExtensibilityGlobals) = postSolution
		SolutionGuid = {BF1A434E-52F9-4D69-8375-621DA49C3FE3}
	EndGlobalSection
EndGlobal
